{
  "lockfile-version": 1,
  "manifest": {
    "version": 1,
    "install": {
      "android-sdk": {
        "flake": "path:nix/android-flake#android-sdk"
      },
      "cargo-ndk": {
        "pkg-path": "cargo-ndk"
      },
      "inkscape": {
        "pkg-path": "inkscape"
      },
      "make": {
        "pkg-path": "gnumake"
      }
    },
    "hook": {
      "on-activate": "  export ANDROID_HOME=$FLOX_ENV/share/android-sdk\n"
    },
    "options": {
      "systems": [
        "x86_64-linux"
      ]
    },
    "build": {
      "unsigned": {
        "command": "  make target/apk/org.fmbq.timer-unsigned.apk\n  mkdir -p $out/share\n  cp target/apk/org.fmbq.timer-unsigned.apk $out/share/org.fmbq.timer-unsigned.apk\n",
        "description": "Build an unsigned APK"
      }
    }
  },
  "packages": [
    {
      "attr_path": "cargo-ndk",
      "broken": false,
      "derivation": "/nix/store/6q1fc8x8lngwbd37cc4lqbd45yl1s268-cargo-ndk-3.5.7.drv",
      "description": "Cargo extension for building Android NDK projects",
      "install_id": "cargo-ndk",
      "license": "[ Apache-2.0, MIT ]",
      "locked_url": "https://github.com/flox/nixpkgs?rev=20075955deac2583bb12f07151c2df830ef346b4",
      "name": "cargo-ndk-3.5.7",
      "pname": "cargo-ndk",
      "rev": "20075955deac2583bb12f07151c2df830ef346b4",
      "rev_count": 846535,
      "rev_date": "2025-08-19T15:00:17Z",
      "scrape_date": "2025-08-24T16:57:25.719732Z",
      "stabilities": [
        "unstable"
      ],
      "unfree": false,
      "version": "3.5.7",
      "outputs_to_install": [
        "out"
      ],
      "outputs": {
        "out": "/nix/store/q2d5281i53xg2m9x1hxsrxmi6a4qkc41-cargo-ndk-3.5.7"
      },
      "system": "x86_64-linux",
      "group": "toplevel",
      "priority": 5
    },
    {
      "attr_path": "inkscape",
      "broken": false,
      "derivation": "/nix/store/1pzn7vlbzparkxy5kd1bh7snd9m6q6y1-inkscape-1.4.2.drv",
      "description": "Vector graphics editor",
      "install_id": "inkscape",
      "license": "GPL-3.0-or-later",
      "locked_url": "https://github.com/flox/nixpkgs?rev=20075955deac2583bb12f07151c2df830ef346b4",
      "name": "inkscape-1.4.2",
      "pname": "inkscape",
      "rev": "20075955deac2583bb12f07151c2df830ef346b4",
      "rev_count": 846535,
      "rev_date": "2025-08-19T15:00:17Z",
      "scrape_date": "2025-08-24T16:57:29.586600Z",
      "stabilities": [
        "unstable"
      ],
      "unfree": false,
      "version": "1.4.2",
      "outputs_to_install": [
        "out"
      ],
      "outputs": {
        "out": "/nix/store/g571a97m7bvm33qcm9g9wyj17zk3zwcg-inkscape-1.4.2"
      },
      "system": "x86_64-linux",
      "group": "toplevel",
      "priority": 5
    },
    {
      "attr_path": "gnumake",
      "broken": false,
      "derivation": "/nix/store/clqgcxxr6iqqzcr4rgyb1dk4sqv0nyyh-gnumake-4.4.1.drv",
      "description": "Tool to control the generation of non-source files from sources",
      "install_id": "make",
      "license": "GPL-3.0-or-later",
      "locked_url": "https://github.com/flox/nixpkgs?rev=20075955deac2583bb12f07151c2df830ef346b4",
      "name": "gnumake-4.4.1",
      "pname": "gnumake",
      "rev": "20075955deac2583bb12f07151c2df830ef346b4",
      "rev_count": 846535,
      "rev_date": "2025-08-19T15:00:17Z",
      "scrape_date": "2025-08-24T16:57:27.941676Z",
      "stabilities": [
        "unstable"
      ],
      "unfree": false,
      "version": "4.4.1",
      "outputs_to_install": [
        "man",
        "out"
      ],
      "outputs": {
        "debug": "/nix/store/8vg51i45l7bqcc2qfcnjgppxlsfzi11h-gnumake-4.4.1-debug",
        "info": "/nix/store/hs8b0bwzv4q3w8mf4pbq8l7v0vnjj0f9-gnumake-4.4.1-info",
        "man": "/nix/store/n414mxklk1mxyk9syhbbh6j0d92l4ggi-gnumake-4.4.1-man",
        "out": "/nix/store/kzf67ka1wa2055bnsdrnqnv59md9xbxa-gnumake-4.4.1"
      },
      "system": "x86_64-linux",
      "group": "toplevel",
      "priority": 5
    },
    {
      "install_id": "android-sdk",
      "locked-url": "path:/data/src/fmbq/timer/nix/android-flake?lastModified=1756263114&narHash=sha256-qZArWPZrMVpCz7V/QNUwoQOkVpOJYNw%2Bm3PLvo7Btms%3D",
      "flake-description": "FMBQ Timer",
      "locked-flake-attr-path": "packages.x86_64-linux.android-sdk",
      "derivation": "/nix/store/csgqxm8d50qbn8r0dv0wrznap062423l-android-sdk-env.drv",
      "outputs": {
        "out": "/nix/store/xk377bbg71s3ahp47ciq39g4zwbxvn7g-android-sdk-env"
      },
      "output-names": [
        "out"
      ],
      "outputs-to-install": [
        "out"
      ],
      "requested-outputs-to-install": [],
      "package-system": "x86_64-linux",
      "system": "x86_64-linux",
      "name": "android-sdk-env",
      "broken": false,
      "unfree": false,
      "priority": 5
    }
  ]
}